
Microsoft Visual Studio Solution File, Format Version 12.00
# Visual Studio Version 16
VisualStudioVersion = 16.0.29102.190
MinimumVisualStudioVersion = 10.0.40219.1
Project("{FAE04EC0-301F-11D3-BF4B-00C04F79EFBC}") = "TodoAppWithAAD", "TodoAppWithAAD.csproj", "{6F698C07-CDFF-43DD-809D-82AD09C5B14A}"
EndProject
Global
	GlobalSection(SolutionConfigurationPlatforms) = preSolution
		Debug|Any CPU = Debug|Any CPU
		Release|Any CPU = Release|Any CPU
	EndGlobalSection
	GlobalSection(ProjectConfigurationPlatforms) = postSolution
		{6F698C07-CDFF-43DD-809D-82AD09C5B14A}.Debug|Any CPU.ActiveCfg = Debug|Any CPU
		{6F698C07-CDFF-43DD-809D-82AD09C5B14A}.Debug|Any CPU.Build.0 = Debug|Any CPU
		{6F698C07-CDFF-43DD-809D-82AD09C5B14A}.Release|Any CPU.ActiveCfg = Release|Any CPU
		{6F698C07-CDFF-43DD-809D-82AD09C5B14A}.Release|Any CPU.Build.0 = Release|Any CPU
	EndGlobalSection
	GlobalSection(SolutionProperties) = preSolution
		HideSolutionNode = FALSE
	EndGlobalSection
	GlobalSection(ExtensibilityGlobals) = postSolution
		SolutionGuid = {90274471-ABDD-4350-9739-3F1C9D476260}
	EndGlobalSection
EndGlobal
